
Microsoft Visual Studio Solution File, Format Version 12.00
# Visual Studio Version 17
VisualStudioVersion = 17.9.34723.18
MinimumVisualStudioVersion = 10.0.40219.1
Project("{FAE04EC0-301F-11D3-BF4B-00C04F79EFBC}") = "GUI", "GUI.csproj", "{961F5278-91B6-4368-A5A6-2427F24D653B}"
EndProject
Project("{9A19103F-16F7-4668-BE54-9A1E7A4F7556}") = "BE", "BE\BE.csproj", "{93FADD94-9237-4300-A687-EDE0733CA497}"
EndProject
Project("{9A19103F-16F7-4668-BE54-9A1E7A4F7556}") = "DAL", "DAL\DAL.csproj", "{D03598D9-FD6E-4E6C-AACD-C3ED731F1339}"
EndProject
Project("{9A19103F-16F7-4668-BE54-9A1E7A4F7556}") = "BLL", "BLL\BLL.csproj", "{40B13566-E18A-4F55-9E0E-08C38B4AA972}"
EndProject
Global
	GlobalSection(SolutionConfigurationPlatforms) = preSolution
		Debug|Any CPU = Debug|Any CPU
		Release|Any CPU = Release|Any CPU
	EndGlobalSection
	GlobalSection(ProjectConfigurationPlatforms) = postSolution
		{961F5278-91B6-4368-A5A6-2427F24D653B}.Debug|Any CPU.ActiveCfg = Debug|Any CPU
		{961F5278-91B6-4368-A5A6-2427F24D653B}.Debug|Any CPU.Build.0 = Debug|Any CPU
		{961F5278-91B6-4368-A5A6-2427F24D653B}.Release|Any CPU.ActiveCfg = Release|Any CPU
		{961F5278-91B6-4368-A5A6-2427F24D653B}.Release|Any CPU.Build.0 = Release|Any CPU
		{93FADD94-9237-4300-A687-EDE0733CA497}.Debug|Any CPU.ActiveCfg = Debug|Any CPU
		{93FADD94-9237-4300-A687-EDE0733CA497}.Debug|Any CPU.Build.0 = Debug|Any CPU
		{93FADD94-9237-4300-A687-EDE0733CA497}.Release|Any CPU.ActiveCfg = Release|Any CPU
		{93FADD94-9237-4300-A687-EDE0733CA497}.Release|Any CPU.Build.0 = Release|Any CPU
		{D03598D9-FD6E-4E6C-AACD-C3ED731F1339}.Debug|Any CPU.ActiveCfg = Debug|Any CPU
		{D03598D9-FD6E-4E6C-AACD-C3ED731F1339}.Debug|Any CPU.Build.0 = Debug|Any CPU
		{D03598D9-FD6E-4E6C-AACD-C3ED731F1339}.Release|Any CPU.ActiveCfg = Release|Any CPU
		{D03598D9-FD6E-4E6C-AACD-C3ED731F1339}.Release|Any CPU.Build.0 = Release|Any CPU
		{40B13566-E18A-4F55-9E0E-08C38B4AA972}.Debug|Any CPU.ActiveCfg = Debug|Any CPU
		{40B13566-E18A-4F55-9E0E-08C38B4AA972}.Debug|Any CPU.Build.0 = Debug|Any CPU
		{40B13566-E18A-4F55-9E0E-08C38B4AA972}.Release|Any CPU.ActiveCfg = Release|Any CPU
		{40B13566-E18A-4F55-9E0E-08C38B4AA972}.Release|Any CPU.Build.0 = Release|Any CPU
	EndGlobalSection
	GlobalSection(SolutionProperties) = preSolution
		HideSolutionNode = FALSE
	EndGlobalSection
	GlobalSection(ExtensibilityGlobals) = postSolution
		SolutionGuid = {AE80B46C-BF3C-4A75-879D-4A0F61796645}
	EndGlobalSection
EndGlobal
